// !$*UTF8*$!
{
	archiveVersion = 1;
	classes = {
	};
	objectVersion = 50;
	objects = {

/* Begin PBXBuildFile section */
		58D0201126A94B8500D8D316 /* AppDelegate.m in Sources */ = {isa = PBXBuildFile; fileRef = 58D0201026A94B8500D8D316 /* AppDelegate.m */; };
		58D0201726A94B8500D8D316 /* ViewController.m in Sources */ = {isa = PBXBuildFile; fileRef = 58D0201626A94B8500D8D316 /* ViewController.m */; };
		58D0201C26A94B8500D8D316 /* Assets.xcassets in Resources */ = {isa = PBXBuildFile; fileRef = 58D0201B26A94B8500D8D316 /* Assets.xcassets */; };
		58D0202226A94B8500D8D316 /* main.m in Sources */ = {isa = PBXBuildFile; fileRef = 58D0202126A94B8500D8D316 /* main.m */; };
		58D0203026A958BE00D8D316 /* screen.storyboard in Resources */ = {isa = PBXBuildFile; fileRef = 58D0202F26A958BE00D8D316 /* screen.storyboard */; };
		58D0203526A9590000D8D316 /* NextViewController.m in Sources */ = {isa = PBXBuildFile; fileRef = 58D0203426A9590000D8D316 /* NextViewController.m */; };
/* End PBXBuildFile section */

/* Begin PBXFileReference section */
		58D0200C26A94B8500D8D316 /* ZCTest.app */ = {isa = PBXFileReference; explicitFileType = wrapper.application; includeInIndex = 0; path = ZCTest.app; sourceTree = BUILT_PRODUCTS_DIR; };
		58D0200F26A94B8500D8D316 /* AppDelegate.h */ = {isa = PBXFileReference; lastKnownFileType = sourcecode.c.h; path = AppDelegate.h; sourceTree = "<group>"; };
		58D0201026A94B8500D8D316 /* AppDelegate.m */ = {isa = PBXFileReference; lastKnownFileType = sourcecode.c.objc; path = AppDelegate.m; sourceTree = "<group>"; };
		58D0201526A94B8500D8D316 /* ViewController.h */ = {isa = PBXFileReference; lastKnownFileType = sourcecode.c.h; path = ViewController.h; sourceTree = "<group>"; };
		58D0201626A94B8500D8D316 /* ViewController.m */ = {isa = PBXFileReference; lastKnownFileType = sourcecode.c.objc; path = ViewController.m; sourceTree = "<group>"; };
		58D0201B26A94B8500D8D316 /* Assets.xcassets */ = {isa = PBXFileReference; lastKnownFileType = folder.assetcatalog; path = Assets.xcassets; sourceTree = "<group>"; };
		58D0202026A94B8500D8D316 /* Info.plist */ = {isa = PBXFileReference; lastKnownFileType = text.plist.xml; path = Info.plist; sourceTree = "<group>"; };
		58D0202126A94B8500D8D316 /* main.m */ = {isa = PBXFileReference; lastKnownFileType = sourcecode.c.objc; path = main.m; sourceTree = "<group>"; };
		58D0202F26A958BE00D8D316 /* screen.storyboard */ = {isa = PBXFileReference; lastKnownFileType = file.storyboard; path = screen.storyboard; sourceTree = "<group>"; };
		58D0203326A9590000D8D316 /* NextViewController.h */ = {isa = PBXFileReference; lastKnownFileType = sourcecode.c.h; path = NextViewController.h; sourceTree = "<group>"; };
		58D0203426A9590000D8D316 /* NextViewController.m */ = {isa = PBXFileReference; lastKnownFileType = sourcecode.c.objc; path = NextViewController.m; sourceTree = "<group>"; };
/* End PBXFileReference section */

/* Begin PBXFrameworksBuildPhase section */
		58D0200926A94B8500D8D316 /* Frameworks */ = {
			isa = PBXFrameworksBuildPhase;
			buildActionMask = 2147483647;
			files = (
			);
			runOnlyForDeploymentPostprocessing = 0;
		};
/* End PBXFrameworksBuildPhase section */

/* Begin PBXGroup section */
		58D0200326A94B8500D8D316 = {
			isa = PBXGroup;
			children = (
				58D0200E26A94B8500D8D316 /* ZCTest */,
				58D0200D26A94B8500D8D316 /* Products */,
			);
			sourceTree = "<group>";
		};
		58D0200D26A94B8500D8D316 /* Products */ = {
			isa = PBXGroup;
			children = (
				58D0200C26A94B8500D8D316 /* ZCTest.app */,
			);
			name = Products;
			sourceTree = "<group>";
		};
		58D0200E26A94B8500D8D316 /* ZCTest */ = {
			isa = PBXGroup;
			children = (
				58D0200F26A94B8500D8D316 /* AppDelegate.h */,
				58D0201026A94B8500D8D316 /* AppDelegate.m */,
				58D0201526A94B8500D8D316 /* ViewController.h */,
				58D0201626A94B8500D8D316 /* ViewController.m */,
				58D0203326A9590000D8D316 /* NextViewController.h */,
				58D0203426A9590000D8D316 /* NextViewController.m */,
				58D0202F26A958BE00D8D316 /* screen.storyboard */,
				58D0201B26A94B8500D8D316 /* Assets.xcassets */,
				58D0202026A94B8500D8D316 /* Info.plist */,
				58D0202126A94B8500D8D316 /* main.m */,
				58D0220226A98FE500D8D316 /* ZCKit */,
			);
			path = ZCTest;
			sourceTree = "<group>";
		};
		58D0220226A98FE500D8D316 /* ZCKit */ = {
			isa = PBXGroup;
			children = (
				58D0220B26A98FE500D8D316 /* Tool */,
				58D0220826A98FE500D8D316 /* Model */,
				58D0220A26A98FE500D8D316 /* Control */,
				58D0220426A98FE500D8D316 /* Category */,
				58D0220926A98FE500D8D316 /* Additional */,
				58D0220626A98FE500D8D316 /* Inherit */,
				58D0220326A98FE500D8D316 /* Extend */,
				58D0220726A98FE500D8D316 /* Swizzle */,
				58D0220526A98FE500D8D316 /* File */,
			);
			path = ZCKit;
			sourceTree = "<group>";
		};
		58D0220326A98FE500D8D316 /* Extend */ = {
			isa = PBXGroup;
			children = (
			);
			path = Extend;
			sourceTree = "<group>";
		};
		58D0220426A98FE500D8D316 /* Category */ = {
			isa = PBXGroup;
			children = (
			);
			path = Category;
			sourceTree = "<group>";
		};
		58D0220526A98FE500D8D316 /* File */ = {
			isa = PBXGroup;
			children = (
			);
			path = File;
			sourceTree = "<group>";
		};
		58D0220626A98FE500D8D316 /* Inherit */ = {
			isa = PBXGroup;
			children = (
			);
			path = Inherit;
			sourceTree = "<group>";
		};
		58D0220726A98FE500D8D316 /* Swizzle */ = {
			isa = PBXGroup;
			children = (
			);
			path = Swizzle;
			sourceTree = "<group>";
		};
		58D0220826A98FE500D8D316 /* Model */ = {
			isa = PBXGroup;
			children = (
			);
			path = Model;
			sourceTree = "<group>";
		};
		58D0220926A98FE500D8D316 /* Additional */ = {
			isa = PBXGroup;
			children = (
			);
			path = Additional;
			sourceTree = "<group>";
		};
		58D0220A26A98FE500D8D316 /* Control */ = {
			isa = PBXGroup;
			children = (
			);
			path = Control;
			sourceTree = "<group>";
		};
		58D0220B26A98FE500D8D316 /* Tool */ = {
			isa = PBXGroup;
			children = (
			);
			path = Tool;
			sourceTree = "<group>";
		};
/* End PBXGroup section */

/* Begin PBXNativeTarget section */
		58D0200B26A94B8500D8D316 /* ZCTest */ = {
			isa = PBXNativeTarget;
			buildConfigurationList = 58D0202526A94B8500D8D316 /* Build configuration list for PBXNativeTarget "ZCTest" */;
			buildPhases = (
				58D0200826A94B8500D8D316 /* Sources */,
				58D0200926A94B8500D8D316 /* Frameworks */,
				58D0200A26A94B8500D8D316 /* Resources */,
			);
			buildRules = (
			);
			dependencies = (
			);
			name = ZCTest;
			productName = ZCTest;
			productReference = 58D0200C26A94B8500D8D316 /* ZCTest.app */;
			productType = "com.apple.product-type.application";
		};
/* End PBXNativeTarget section */

/* Begin PBXProject section */
		58D0200426A94B8500D8D316 /* Project object */ = {
			isa = PBXProject;
			attributes = {
				LastUpgradeCheck = 1230;
				TargetAttributes = {
					58D0200B26A94B8500D8D316 = {
						CreatedOnToolsVersion = 12.3;
					};
				};
			};
			buildConfigurationList = 58D0200726A94B8500D8D316 /* Build configuration list for PBXProject "ZCTest" */;
			compatibilityVersion = "Xcode 9.3";
			developmentRegion = en;
			hasScannedForEncodings = 0;
			knownRegions = (
				en,
				Base,
			);
			mainGroup = 58D0200326A94B8500D8D316;
			productRefGroup = 58D0200D26A94B8500D8D316 /* Products */;
			projectDirPath = "";
			projectRoot = "";
			targets = (
				58D0200B26A94B8500D8D316 /* ZCTest */,
			);
		};
/* End PBXProject section */

/* Begin PBXResourcesBuildPhase section */
		58D0200A26A94B8500D8D316 /* Resources */ = {
			isa = PBXResourcesBuildPhase;
			buildActionMask = 2147483647;
			files = (
				58D0203026A958BE00D8D316 /* screen.storyboard in Resources */,
				58D0201C26A94B8500D8D316 /* Assets.xcassets in Resources */,
			);
			runOnlyForDeploymentPostprocessing = 0;
		};
/* End PBXResourcesBuildPhase section */

/* Begin PBXSourcesBuildPhase section */
		58D0200826A94B8500D8D316 /* Sources */ = {
			isa = PBXSourcesBuildPhase;
			buildActionMask = 2147483647;
			files = (
				58D0201726A94B8500D8D316 /* ViewController.m in Sources */,
				58D0203526A9590000D8D316 /* NextViewController.m in Sources */,
				58D0201126A94B8500D8D316 /* AppDelegate.m in Sources */,
				58D0202226A94B8500D8D316 /* main.m in Sources */,
			);
			runOnlyForDeploymentPostprocessing = 0;
		};
/* End PBXSourcesBuildPhase section */

/* Begin XCBuildConfiguration section */
		58D0202326A94B8500D8D316 /* Debug */ = {
			isa = XCBuildConfiguration;
			buildSettings = {
				ALWAYS_SEARCH_USER_PATHS = NO;
				CLANG_ANALYZER_NONNULL = YES;
				CLANG_ANALYZER_NUMBER_OBJECT_CONVERSION = YES_AGGRESSIVE;
				CLANG_CXX_LANGUAGE_STANDARD = "gnu++14";
				CLANG_CXX_LIBRARY = "libc++";
				CLANG_ENABLE_MODULES = YES;
				CLANG_ENABLE_OBJC_ARC = YES;
				CLANG_ENABLE_OBJC_WEAK = YES;
				CLANG_WARN_BLOCK_CAPTURE_AUTORELEASING = YES;
				CLANG_WARN_BOOL_CONVERSION = YES;
				CLANG_WARN_COMMA = YES;
				CLANG_WARN_CONSTANT_CONVERSION = YES;
				CLANG_WARN_DEPRECATED_OBJC_IMPLEMENTATIONS = YES;
				CLANG_WARN_DIRECT_OBJC_ISA_USAGE = YES_ERROR;
				CLANG_WARN_DOCUMENTATION_COMMENTS = YES;
				CLANG_WARN_EMPTY_BODY = YES;
				CLANG_WARN_ENUM_CONVERSION = YES;
				CLANG_WARN_INFINITE_RECURSION = YES;
				CLANG_WARN_INT_CONVERSION = YES;
				CLANG_WARN_NON_LITERAL_NULL_CONVERSION = YES;
				CLANG_WARN_OBJC_IMPLICIT_RETAIN_SELF = YES;
				CLANG_WARN_OBJC_LITERAL_CONVERSION = YES;
				CLANG_WARN_OBJC_ROOT_CLASS = YES_ERROR;
				CLANG_WARN_QUOTED_INCLUDE_IN_FRAMEWORK_HEADER = YES;
				CLANG_WARN_RANGE_LOOP_ANALYSIS = YES;
				CLANG_WARN_STRICT_PROTOTYPES = YES;
				CLANG_WARN_SUSPICIOUS_MOVE = YES;
				CLANG_WARN_UNGUARDED_AVAILABILITY = YES_AGGRESSIVE;
				CLANG_WARN_UNREACHABLE_CODE = YES;
				CLANG_WARN__DUPLICATE_METHOD_MATCH = YES;
				COPY_PHASE_STRIP = NO;
				DEBUG_INFORMATION_FORMAT = dwarf;
				ENABLE_STRICT_OBJC_MSGSEND = YES;
				ENABLE_TESTABILITY = YES;
				GCC_C_LANGUAGE_STANDARD = gnu11;
				GCC_DYNAMIC_NO_PIC = NO;
				GCC_NO_COMMON_BLOCKS = YES;
				GCC_OPTIMIZATION_LEVEL = 0;
				GCC_PREPROCESSOR_DEFINITIONS = (
					"DEBUG=1",
					"$(inherited)",
				);
				GCC_WARN_64_TO_32_BIT_CONVERSION = YES;
				GCC_WARN_ABOUT_RETURN_TYPE = YES_ERROR;
				GCC_WARN_UNDECLARED_SELECTOR = YES;
				GCC_WARN_UNINITIALIZED_AUTOS = YES_AGGRESSIVE;
				GCC_WARN_UNUSED_FUNCTION = YES;
				GCC_WARN_UNUSED_VARIABLE = YES;
				IPHONEOS_DEPLOYMENT_TARGET = 9.0;
				MTL_ENABLE_DEBUG_INFO = INCLUDE_SOURCE;
				MTL_FAST_MATH = YES;
				ONLY_ACTIVE_ARCH = YES;
				SDKROOT = iphoneos;
			};
			name = Debug;
		};
		58D0202426A94B8500D8D316 /* Release */ = {
			isa = XCBuildConfiguration;
			buildSettings = {
				ALWAYS_SEARCH_USER_PATHS = NO;
				CLANG_ANALYZER_NONNULL = YES;
				CLANG_ANALYZER_NUMBER_OBJECT_CONVERSION = YES_AGGRESSIVE;
				CLANG_CXX_LANGUAGE_STANDARD = "gnu++14";
				CLANG_CXX_LIBRARY = "libc++";
				CLANG_ENABLE_MODULES = YES;
				CLANG_ENABLE_OBJC_ARC = YES;
				CLANG_ENABLE_OBJC_WEAK = YES;
				CLANG_WARN_BLOCK_CAPTURE_AUTORELEASING = YES;
				CLANG_WARN_BOOL_CONVERSION = YES;
				CLANG_WARN_COMMA = YES;
				CLANG_WARN_CONSTANT_CONVERSION = YES;
				CLANG_WARN_DEPRECATED_OBJC_IMPLEMENTATIONS = YES;
				CLANG_WARN_DIRECT_OBJC_ISA_USAGE = YES_ERROR;
				CLANG_WARN_DOCUMENTATION_COMMENTS = YES;
				CLANG_WARN_EMPTY_BODY = YES;
				CLANG_WARN_ENUM_CONVERSION = YES;
				CLANG_WARN_INFINITE_RECURSION = YES;
				CLANG_WARN_INT_CONVERSION = YES;
				CLANG_WARN_NON_LITERAL_NULL_CONVERSION = YES;
				CLANG_WARN_OBJC_IMPLICIT_RETAIN_SELF = YES;
				CLANG_WARN_OBJC_LITERAL_CONVERSION = YES;
				CLANG_WARN_OBJC_ROOT_CLASS = YES_ERROR;
				CLANG_WARN_QUOTED_INCLUDE_IN_FRAMEWORK_HEADER = YES;
				CLANG_WARN_RANGE_LOOP_ANALYSIS = YES;
				CLANG_WARN_STRICT_PROTOTYPES = YES;
				CLANG_WARN_SUSPICIOUS_MOVE = YES;
				CLANG_WARN_UNGUARDED_AVAILABILITY = YES_AGGRESSIVE;
				CLANG_WARN_UNREACHABLE_CODE = YES;
				CLANG_WARN__DUPLICATE_METHOD_MATCH = YES;
				COPY_PHASE_STRIP = NO;
				DEBUG_INFORMATION_FORMAT = "dwarf-with-dsym";
				ENABLE_NS_ASSERTIONS = NO;
				ENABLE_STRICT_OBJC_MSGSEND = YES;
				GCC_C_LANGUAGE_STANDARD = gnu11;
				GCC_NO_COMMON_BLOCKS = YES;
				GCC_WARN_64_TO_32_BIT_CONVERSION = YES;
				GCC_WARN_ABOUT_RETURN_TYPE = YES_ERROR;
				GCC_WARN_UNDECLARED_SELECTOR = YES;
				GCC_WARN_UNINITIALIZED_AUTOS = YES_AGGRESSIVE;
				GCC_WARN_UNUSED_FUNCTION = YES;
				GCC_WARN_UNUSED_VARIABLE = YES;
				IPHONEOS_DEPLOYMENT_TARGET = 9.0;
				MTL_ENABLE_DEBUG_INFO = NO;
				MTL_FAST_MATH = YES;
				SDKROOT = iphoneos;
				VALIDATE_PRODUCT = YES;
			};
			name = Release;
		};
		58D0202626A94B8500D8D316 /* Debug */ = {
			isa = XCBuildConfiguration;
			buildSettings = {
				ASSETCATALOG_COMPILER_APPICON_NAME = AppIcon;
				ASSETCATALOG_COMPILER_GLOBAL_ACCENT_COLOR_NAME = AccentColor;
				CODE_SIGN_STYLE = Automatic;
				DEVELOPMENT_TEAM = E9TY8JGC2B;
				INFOPLIST_FILE = ZCTest/Info.plist;
				IPHONEOS_DEPLOYMENT_TARGET = 9.0;
				LD_RUNPATH_SEARCH_PATHS = (
					"$(inherited)",
					"@executable_path/Frameworks",
				);
				PRODUCT_BUNDLE_IDENTIFIER = "sas.xxxs.iii-zjy.ZCTest";
				PRODUCT_NAME = "$(TARGET_NAME)";
				TARGETED_DEVICE_FAMILY = 1;
			};
			name = Debug;
		};
		58D0202726A94B8500D8D316 /* Release */ = {
			isa = XCBuildConfiguration;
			buildSettings = {
				ASSETCATALOG_COMPILER_APPICON_NAME = AppIcon;
				ASSETCATALOG_COMPILER_GLOBAL_ACCENT_COLOR_NAME = AccentColor;
				CODE_SIGN_STYLE = Automatic;
				DEVELOPMENT_TEAM = E9TY8JGC2B;
				INFOPLIST_FILE = ZCTest/Info.plist;
				IPHONEOS_DEPLOYMENT_TARGET = 9.0;
				LD_RUNPATH_SEARCH_PATHS = (
					"$(inherited)",
					"@executable_path/Frameworks",
				);
				PRODUCT_BUNDLE_IDENTIFIER = "sas.xxxs.iii-zjy.ZCTest";
				PRODUCT_NAME = "$(TARGET_NAME)";
				TARGETED_DEVICE_FAMILY = 1;
			};
			name = Release;
		};
/* End XCBuildConfiguration section */

/* Begin XCConfigurationList section */
		58D0200726A94B8500D8D316 /* Build configuration list for PBXProject "ZCTest" */ = {
			isa = XCConfigurationList;
			buildConfigurations = (
				58D0202326A94B8500D8D316 /* Debug */,
				58D0202426A94B8500D8D316 /* Release */,
			);
			defaultConfigurationIsVisible = 0;
			defaultConfigurationName = Release;
		};
		58D0202526A94B8500D8D316 /* Build configuration list for PBXNativeTarget "ZCTest" */ = {
			isa = XCConfigurationList;
			buildConfigurations = (
				58D0202626A94B8500D8D316 /* Debug */,
				58D0202726A94B8500D8D316 /* Release */,
			);
			defaultConfigurationIsVisible = 0;
			defaultConfigurationName = Release;
		};
/* End XCConfigurationList section */
	};
	rootObject = 58D0200426A94B8500D8D316 /* Project object */;
}
